
Microsoft Visual Studio Solution File, Format Version 12.00
# Visual Studio Version 17
VisualStudioVersion = 17.11.35327.3
MinimumVisualStudioVersion = 10.0.40219.1
Project("{9A19103F-16F7-4668-BE54-9A1E7A4F7556}") = "ProjectE.Business", "ProjectE.Business\ProjectE.Business.csproj", "{2C3FC879-8475-4B0A-8C2D-05FA100CB047}"
EndProject
Project("{9A19103F-16F7-4668-BE54-9A1E7A4F7556}") = "ProjectE.DataAccess", "ProjectE.DataAccess\ProjectE.DataAccess.csproj", "{4674BB9B-68C4-488B-A279-1833A5E4C31E}"
EndProject
Project("{9A19103F-16F7-4668-BE54-9A1E7A4F7556}") = "ProjectE.DTO", "ProjectE.DTO\ProjectE.DTO.csproj", "{8B819EDE-5507-420E-9DE1-2BD3A07E516C}"
EndProject
Project("{9A19103F-16F7-4668-BE54-9A1E7A4F7556}") = "ProjectE.Entity", "ProjectE.Entity\ProjectE.Entity.csproj", "{E068B625-5CAE-4029-9718-9BC66A97ADF4}"
EndProject
Project("{9A19103F-16F7-4668-BE54-9A1E7A4F7556}") = "ProjectE.WebAPI", "ProjectE.WebAPI\ProjectE.WebAPI.csproj", "{B1D83E8B-8399-4936-A126-F75B103491B8}"
EndProject
Project("{FAE04EC0-301F-11D3-BF4B-00C04F79EFBC}") = "ProjectE.Web", "ProjectE.Web\ProjectE.Web.csproj", "{77AB84A7-627C-40EC-A3DB-64BB5CF564C0}"
EndProject
Global
	GlobalSection(SolutionConfigurationPlatforms) = preSolution
		Debug|Any CPU = Debug|Any CPU
		Release|Any CPU = Release|Any CPU
	EndGlobalSection
	GlobalSection(ProjectConfigurationPlatforms) = postSolution
		{2C3FC879-8475-4B0A-8C2D-05FA100CB047}.Debug|Any CPU.ActiveCfg = Debug|Any CPU
		{2C3FC879-8475-4B0A-8C2D-05FA100CB047}.Debug|Any CPU.Build.0 = Debug|Any CPU
		{2C3FC879-8475-4B0A-8C2D-05FA100CB047}.Release|Any CPU.ActiveCfg = Release|Any CPU
		{2C3FC879-8475-4B0A-8C2D-05FA100CB047}.Release|Any CPU.Build.0 = Release|Any CPU
		{4674BB9B-68C4-488B-A279-1833A5E4C31E}.Debug|Any CPU.ActiveCfg = Debug|Any CPU
		{4674BB9B-68C4-488B-A279-1833A5E4C31E}.Debug|Any CPU.Build.0 = Debug|Any CPU
		{4674BB9B-68C4-488B-A279-1833A5E4C31E}.Release|Any CPU.ActiveCfg = Release|Any CPU
		{4674BB9B-68C4-488B-A279-1833A5E4C31E}.Release|Any CPU.Build.0 = Release|Any CPU
		{8B819EDE-5507-420E-9DE1-2BD3A07E516C}.Debug|Any CPU.ActiveCfg = Debug|Any CPU
		{8B819EDE-5507-420E-9DE1-2BD3A07E516C}.Debug|Any CPU.Build.0 = Debug|Any CPU
		{8B819EDE-5507-420E-9DE1-2BD3A07E516C}.Release|Any CPU.ActiveCfg = Release|Any CPU
		{8B819EDE-5507-420E-9DE1-2BD3A07E516C}.Release|Any CPU.Build.0 = Release|Any CPU
		{E068B625-5CAE-4029-9718-9BC66A97ADF4}.Debug|Any CPU.ActiveCfg = Debug|Any CPU
		{E068B625-5CAE-4029-9718-9BC66A97ADF4}.Debug|Any CPU.Build.0 = Debug|Any CPU
		{E068B625-5CAE-4029-9718-9BC66A97ADF4}.Release|Any CPU.ActiveCfg = Release|Any CPU
		{E068B625-5CAE-4029-9718-9BC66A97ADF4}.Release|Any CPU.Build.0 = Release|Any CPU
		{B1D83E8B-8399-4936-A126-F75B103491B8}.Debug|Any CPU.ActiveCfg = Debug|Any CPU
		{B1D83E8B-8399-4936-A126-F75B103491B8}.Debug|Any CPU.Build.0 = Debug|Any CPU
		{B1D83E8B-8399-4936-A126-F75B103491B8}.Release|Any CPU.ActiveCfg = Release|Any CPU
		{B1D83E8B-8399-4936-A126-F75B103491B8}.Release|Any CPU.Build.0 = Release|Any CPU
		{77AB84A7-627C-40EC-A3DB-64BB5CF564C0}.Debug|Any CPU.ActiveCfg = Debug|Any CPU
		{77AB84A7-627C-40EC-A3DB-64BB5CF564C0}.Debug|Any CPU.Build.0 = Debug|Any CPU
		{77AB84A7-627C-40EC-A3DB-64BB5CF564C0}.Release|Any CPU.ActiveCfg = Release|Any CPU
		{77AB84A7-627C-40EC-A3DB-64BB5CF564C0}.Release|Any CPU.Build.0 = Release|Any CPU
	EndGlobalSection
	GlobalSection(SolutionProperties) = preSolution
		HideSolutionNode = FALSE
	EndGlobalSection
	GlobalSection(ExtensibilityGlobals) = postSolution
		SolutionGuid = {7903F7A5-8928-4D08-AA1B-EDCD2B385531}
	EndGlobalSection
EndGlobal
